
Microsoft Visual Studio Solution File, Format Version 12.00
# Visual Studio 14
VisualStudioVersion = 14.0.25123.0
MinimumVisualStudioVersion = 10.0.40219.1
Project("{2150E333-8FDC-42A3-9474-1A3956D46DE8}") = "Framework", "Framework", "{8C74DCD8-26BF-453F-9990-77CB82096409}"
EndProject
Project("{2150E333-8FDC-42A3-9474-1A3956D46DE8}") = "Core", "Core", "{AB047387-59EA-4061-9361-96E31631DBCC}"
EndProject
Project("{FAE04EC0-301F-11D3-BF4B-00C04F79EFBC}") = "BaseProject.Data", "BaseProject.Data\BaseProject.Data.csproj", "{09484E28-4EA5-4DCF-88A4-B7960AE2EFA4}"
EndProject
Project("{FAE04EC0-301F-11D3-BF4B-00C04F79EFBC}") = "BaseProject.Entities", "BaseProject.Entities\BaseProject.Entities.csproj", "{CA98807B-8A46-4A4D-B978-0E0E32A8A2D1}"
EndProject
Project("{FAE04EC0-301F-11D3-BF4B-00C04F79EFBC}") = "BaseProject.Service", "BaseProject.Service\BaseProject.Service.csproj", "{AD0F2B50-95A4-458D-80A6-AD0B8554433E}"
EndProject
Project("{FAE04EC0-301F-11D3-BF4B-00C04F79EFBC}") = "Framework.Common", "Framework\Framework.Common\Framework.Common.csproj", "{492B8264-0C10-4AFE-A15F-8A82E60ADE68}"
EndProject
Project("{FAE04EC0-301F-11D3-BF4B-00C04F79EFBC}") = "Framework.Common.Web", "Framework\Framework.Common.Web\Framework.Common.Web.csproj", "{B9B5DCD6-1E1E-4B47-AF04-FCB2EFBE04E1}"
EndProject
Project("{FAE04EC0-301F-11D3-BF4B-00C04F79EFBC}") = "Framework.Data", "Framework\Framework.Data\Framework.Data.csproj", "{CB41F702-99FB-49AE-8BC0-1B7F0193EFAB}"
EndProject
Project("{FAE04EC0-301F-11D3-BF4B-00C04F79EFBC}") = "Framework.Data.EntityFramework", "Framework\Framework.Data.EntityFramework\Framework.Data.EntityFramework.csproj", "{20259EAA-C937-4BF2-913A-F4531796FE5B}"
EndProject
Project("{FAE04EC0-301F-11D3-BF4B-00C04F79EFBC}") = "Framework.Ioc", "Framework\Framework.Ioc\Framework.Ioc.csproj", "{9F222811-5858-42ED-958F-96C228D67808}"
EndProject
Project("{FAE04EC0-301F-11D3-BF4B-00C04F79EFBC}") = "Framework.Ioc.Ninject", "Framework\Framework.Ioc.Ninject\Framework.Ioc.Ninject.csproj", "{E764FE19-BDC2-4D35-9A83-F29FBA4B61B2}"
EndProject
Project("{FAE04EC0-301F-11D3-BF4B-00C04F79EFBC}") = "Framework.Logging", "Framework\Framework.Logging\Framework.Logging.csproj", "{F307CEE1-72C8-491F-8867-0F3EBE3F7DBF}"
EndProject
Project("{FAE04EC0-301F-11D3-BF4B-00C04F79EFBC}") = "Framework.Logging.Log4Net", "Framework\Framework.Logging.Log4Net\Framework.Logging.Log4Net.csproj", "{A7BED685-D711-4227-84B4-FEEC8EDF460C}"
EndProject
Project("{FAE04EC0-301F-11D3-BF4B-00C04F79EFBC}") = "Framework.Report", "Framework\Framework.Report\Framework.Report.csproj", "{FD277BF3-9DD0-47A8-A40B-F2645201ECA0}"
EndProject
Project("{FAE04EC0-301F-11D3-BF4B-00C04F79EFBC}") = "BaseProject.Web", "BaseProject.Web\BaseProject.Web.csproj", "{A84F2024-8CA6-41BF-99EF-B087660FE638}"
EndProject
Project("{00D1A9C2-B5F0-4AF3-8072-F6C62B433612}") = "BaseProject.Database", "BaseProject.Database\BaseProject.Database.sqlproj", "{3A58B9D3-97BC-4EF0-8A57-9C2E21226484}"
EndProject
Global
	GlobalSection(SolutionConfigurationPlatforms) = preSolution
		Debug|Any CPU = Debug|Any CPU
		Release|Any CPU = Release|Any CPU
		tekove|Any CPU = tekove|Any CPU
	EndGlobalSection
	GlobalSection(ProjectConfigurationPlatforms) = postSolution
		{09484E28-4EA5-4DCF-88A4-B7960AE2EFA4}.Debug|Any CPU.ActiveCfg = Debug|Any CPU
		{09484E28-4EA5-4DCF-88A4-B7960AE2EFA4}.Debug|Any CPU.Build.0 = Debug|Any CPU
		{09484E28-4EA5-4DCF-88A4-B7960AE2EFA4}.Release|Any CPU.ActiveCfg = Release|Any CPU
		{09484E28-4EA5-4DCF-88A4-B7960AE2EFA4}.Release|Any CPU.Build.0 = Release|Any CPU
		{09484E28-4EA5-4DCF-88A4-B7960AE2EFA4}.tekove|Any CPU.ActiveCfg = Release|Any CPU
		{09484E28-4EA5-4DCF-88A4-B7960AE2EFA4}.tekove|Any CPU.Build.0 = Release|Any CPU
		{CA98807B-8A46-4A4D-B978-0E0E32A8A2D1}.Debug|Any CPU.ActiveCfg = Debug|Any CPU
		{CA98807B-8A46-4A4D-B978-0E0E32A8A2D1}.Debug|Any CPU.Build.0 = Debug|Any CPU
		{CA98807B-8A46-4A4D-B978-0E0E32A8A2D1}.Release|Any CPU.ActiveCfg = Release|Any CPU
		{CA98807B-8A46-4A4D-B978-0E0E32A8A2D1}.Release|Any CPU.Build.0 = Release|Any CPU
		{CA98807B-8A46-4A4D-B978-0E0E32A8A2D1}.tekove|Any CPU.ActiveCfg = Release|Any CPU
		{CA98807B-8A46-4A4D-B978-0E0E32A8A2D1}.tekove|Any CPU.Build.0 = Release|Any CPU
		{AD0F2B50-95A4-458D-80A6-AD0B8554433E}.Debug|Any CPU.ActiveCfg = Debug|Any CPU
		{AD0F2B50-95A4-458D-80A6-AD0B8554433E}.Debug|Any CPU.Build.0 = Debug|Any CPU
		{AD0F2B50-95A4-458D-80A6-AD0B8554433E}.Release|Any CPU.ActiveCfg = Release|Any CPU
		{AD0F2B50-95A4-458D-80A6-AD0B8554433E}.Release|Any CPU.Build.0 = Release|Any CPU
		{AD0F2B50-95A4-458D-80A6-AD0B8554433E}.tekove|Any CPU.ActiveCfg = Release|Any CPU
		{AD0F2B50-95A4-458D-80A6-AD0B8554433E}.tekove|Any CPU.Build.0 = Release|Any CPU
		{492B8264-0C10-4AFE-A15F-8A82E60ADE68}.Debug|Any CPU.ActiveCfg = Debug|Any CPU
		{492B8264-0C10-4AFE-A15F-8A82E60ADE68}.Debug|Any CPU.Build.0 = Debug|Any CPU
		{492B8264-0C10-4AFE-A15F-8A82E60ADE68}.Release|Any CPU.ActiveCfg = Release|Any CPU
		{492B8264-0C10-4AFE-A15F-8A82E60ADE68}.Release|Any CPU.Build.0 = Release|Any CPU
		{492B8264-0C10-4AFE-A15F-8A82E60ADE68}.tekove|Any CPU.ActiveCfg = tekove|Any CPU
		{492B8264-0C10-4AFE-A15F-8A82E60ADE68}.tekove|Any CPU.Build.0 = tekove|Any CPU
		{B9B5DCD6-1E1E-4B47-AF04-FCB2EFBE04E1}.Debug|Any CPU.ActiveCfg = Debug|Any CPU
		{B9B5DCD6-1E1E-4B47-AF04-FCB2EFBE04E1}.Debug|Any CPU.Build.0 = Debug|Any CPU
		{B9B5DCD6-1E1E-4B47-AF04-FCB2EFBE04E1}.Release|Any CPU.ActiveCfg = Release|Any CPU
		{B9B5DCD6-1E1E-4B47-AF04-FCB2EFBE04E1}.Release|Any CPU.Build.0 = Release|Any CPU
		{B9B5DCD6-1E1E-4B47-AF04-FCB2EFBE04E1}.tekove|Any CPU.ActiveCfg = tekove|Any CPU
		{B9B5DCD6-1E1E-4B47-AF04-FCB2EFBE04E1}.tekove|Any CPU.Build.0 = tekove|Any CPU
		{CB41F702-99FB-49AE-8BC0-1B7F0193EFAB}.Debug|Any CPU.ActiveCfg = Debug|Any CPU
		{CB41F702-99FB-49AE-8BC0-1B7F0193EFAB}.Debug|Any CPU.Build.0 = Debug|Any CPU
		{CB41F702-99FB-49AE-8BC0-1B7F0193EFAB}.Release|Any CPU.ActiveCfg = Release|Any CPU
		{CB41F702-99FB-49AE-8BC0-1B7F0193EFAB}.Release|Any CPU.Build.0 = Release|Any CPU
		{CB41F702-99FB-49AE-8BC0-1B7F0193EFAB}.tekove|Any CPU.ActiveCfg = tekove|Any CPU
		{CB41F702-99FB-49AE-8BC0-1B7F0193EFAB}.tekove|Any CPU.Build.0 = tekove|Any CPU
		{20259EAA-C937-4BF2-913A-F4531796FE5B}.Debug|Any CPU.ActiveCfg = Debug|Any CPU
		{20259EAA-C937-4BF2-913A-F4531796FE5B}.Debug|Any CPU.Build.0 = Debug|Any CPU
		{20259EAA-C937-4BF2-913A-F4531796FE5B}.Release|Any CPU.ActiveCfg = Release|Any CPU
		{20259EAA-C937-4BF2-913A-F4531796FE5B}.Release|Any CPU.Build.0 = Release|Any CPU
		{20259EAA-C937-4BF2-913A-F4531796FE5B}.tekove|Any CPU.ActiveCfg = tekove|Any CPU
		{20259EAA-C937-4BF2-913A-F4531796FE5B}.tekove|Any CPU.Build.0 = tekove|Any CPU
		{9F222811-5858-42ED-958F-96C228D67808}.Debug|Any CPU.ActiveCfg = Debug|Any CPU
		{9F222811-5858-42ED-958F-96C228D67808}.Debug|Any CPU.Build.0 = Debug|Any CPU
		{9F222811-5858-42ED-958F-96C228D67808}.Release|Any CPU.ActiveCfg = Release|Any CPU
		{9F222811-5858-42ED-958F-96C228D67808}.Release|Any CPU.Build.0 = Release|Any CPU
		{9F222811-5858-42ED-958F-96C228D67808}.tekove|Any CPU.ActiveCfg = tekove|Any CPU
		{9F222811-5858-42ED-958F-96C228D67808}.tekove|Any CPU.Build.0 = tekove|Any CPU
		{E764FE19-BDC2-4D35-9A83-F29FBA4B61B2}.Debug|Any CPU.ActiveCfg = Debug|Any CPU
		{E764FE19-BDC2-4D35-9A83-F29FBA4B61B2}.Debug|Any CPU.Build.0 = Debug|Any CPU
		{E764FE19-BDC2-4D35-9A83-F29FBA4B61B2}.Release|Any CPU.ActiveCfg = Release|Any CPU
		{E764FE19-BDC2-4D35-9A83-F29FBA4B61B2}.Release|Any CPU.Build.0 = Release|Any CPU
		{E764FE19-BDC2-4D35-9A83-F29FBA4B61B2}.tekove|Any CPU.ActiveCfg = tekove|Any CPU
		{E764FE19-BDC2-4D35-9A83-F29FBA4B61B2}.tekove|Any CPU.Build.0 = tekove|Any CPU
		{F307CEE1-72C8-491F-8867-0F3EBE3F7DBF}.Debug|Any CPU.ActiveCfg = Debug|Any CPU
		{F307CEE1-72C8-491F-8867-0F3EBE3F7DBF}.Debug|Any CPU.Build.0 = Debug|Any CPU
		{F307CEE1-72C8-491F-8867-0F3EBE3F7DBF}.Release|Any CPU.ActiveCfg = Release|Any CPU
		{F307CEE1-72C8-491F-8867-0F3EBE3F7DBF}.Release|Any CPU.Build.0 = Release|Any CPU
		{F307CEE1-72C8-491F-8867-0F3EBE3F7DBF}.tekove|Any CPU.ActiveCfg = tekove|Any CPU
		{F307CEE1-72C8-491F-8867-0F3EBE3F7DBF}.tekove|Any CPU.Build.0 = tekove|Any CPU
		{A7BED685-D711-4227-84B4-FEEC8EDF460C}.Debug|Any CPU.ActiveCfg = Debug|Any CPU
		{A7BED685-D711-4227-84B4-FEEC8EDF460C}.Debug|Any CPU.Build.0 = Debug|Any CPU
		{A7BED685-D711-4227-84B4-FEEC8EDF460C}.Release|Any CPU.ActiveCfg = Release|Any CPU
		{A7BED685-D711-4227-84B4-FEEC8EDF460C}.Release|Any CPU.Build.0 = Release|Any CPU
		{A7BED685-D711-4227-84B4-FEEC8EDF460C}.tekove|Any CPU.ActiveCfg = tekove|Any CPU
		{A7BED685-D711-4227-84B4-FEEC8EDF460C}.tekove|Any CPU.Build.0 = tekove|Any CPU
		{FD277BF3-9DD0-47A8-A40B-F2645201ECA0}.Debug|Any CPU.ActiveCfg = Debug|Any CPU
		{FD277BF3-9DD0-47A8-A40B-F2645201ECA0}.Debug|Any CPU.Build.0 = Debug|Any CPU
		{FD277BF3-9DD0-47A8-A40B-F2645201ECA0}.Release|Any CPU.ActiveCfg = Release|Any CPU
		{FD277BF3-9DD0-47A8-A40B-F2645201ECA0}.Release|Any CPU.Build.0 = Release|Any CPU
		{FD277BF3-9DD0-47A8-A40B-F2645201ECA0}.tekove|Any CPU.ActiveCfg = Release|Any CPU
		{FD277BF3-9DD0-47A8-A40B-F2645201ECA0}.tekove|Any CPU.Build.0 = Release|Any CPU
		{A84F2024-8CA6-41BF-99EF-B087660FE638}.Debug|Any CPU.ActiveCfg = Debug|Any CPU
		{A84F2024-8CA6-41BF-99EF-B087660FE638}.Debug|Any CPU.Build.0 = Debug|Any CPU
		{A84F2024-8CA6-41BF-99EF-B087660FE638}.Release|Any CPU.ActiveCfg = Release|Any CPU
		{A84F2024-8CA6-41BF-99EF-B087660FE638}.Release|Any CPU.Build.0 = Release|Any CPU
		{A84F2024-8CA6-41BF-99EF-B087660FE638}.tekove|Any CPU.ActiveCfg = Release|Any CPU
		{A84F2024-8CA6-41BF-99EF-B087660FE638}.tekove|Any CPU.Build.0 = Release|Any CPU
		{3A58B9D3-97BC-4EF0-8A57-9C2E21226484}.Debug|Any CPU.ActiveCfg = Debug|Any CPU
		{3A58B9D3-97BC-4EF0-8A57-9C2E21226484}.Debug|Any CPU.Build.0 = Debug|Any CPU
		{3A58B9D3-97BC-4EF0-8A57-9C2E21226484}.Debug|Any CPU.Deploy.0 = Debug|Any CPU
		{3A58B9D3-97BC-4EF0-8A57-9C2E21226484}.Release|Any CPU.ActiveCfg = Release|Any CPU
		{3A58B9D3-97BC-4EF0-8A57-9C2E21226484}.Release|Any CPU.Build.0 = Release|Any CPU
		{3A58B9D3-97BC-4EF0-8A57-9C2E21226484}.Release|Any CPU.Deploy.0 = Release|Any CPU
		{3A58B9D3-97BC-4EF0-8A57-9C2E21226484}.tekove|Any CPU.ActiveCfg = Debug|Any CPU
		{3A58B9D3-97BC-4EF0-8A57-9C2E21226484}.tekove|Any CPU.Build.0 = Debug|Any CPU
		{3A58B9D3-97BC-4EF0-8A57-9C2E21226484}.tekove|Any CPU.Deploy.0 = Debug|Any CPU
	EndGlobalSection
	GlobalSection(SolutionProperties) = preSolution
		HideSolutionNode = FALSE
	EndGlobalSection
	GlobalSection(NestedProjects) = preSolution
		{09484E28-4EA5-4DCF-88A4-B7960AE2EFA4} = {AB047387-59EA-4061-9361-96E31631DBCC}
		{CA98807B-8A46-4A4D-B978-0E0E32A8A2D1} = {AB047387-59EA-4061-9361-96E31631DBCC}
		{AD0F2B50-95A4-458D-80A6-AD0B8554433E} = {AB047387-59EA-4061-9361-96E31631DBCC}
		{492B8264-0C10-4AFE-A15F-8A82E60ADE68} = {8C74DCD8-26BF-453F-9990-77CB82096409}
		{B9B5DCD6-1E1E-4B47-AF04-FCB2EFBE04E1} = {8C74DCD8-26BF-453F-9990-77CB82096409}
		{CB41F702-99FB-49AE-8BC0-1B7F0193EFAB} = {8C74DCD8-26BF-453F-9990-77CB82096409}
		{20259EAA-C937-4BF2-913A-F4531796FE5B} = {8C74DCD8-26BF-453F-9990-77CB82096409}
		{9F222811-5858-42ED-958F-96C228D67808} = {8C74DCD8-26BF-453F-9990-77CB82096409}
		{E764FE19-BDC2-4D35-9A83-F29FBA4B61B2} = {8C74DCD8-26BF-453F-9990-77CB82096409}
		{F307CEE1-72C8-491F-8867-0F3EBE3F7DBF} = {8C74DCD8-26BF-453F-9990-77CB82096409}
		{A7BED685-D711-4227-84B4-FEEC8EDF460C} = {8C74DCD8-26BF-453F-9990-77CB82096409}
		{FD277BF3-9DD0-47A8-A40B-F2645201ECA0} = {8C74DCD8-26BF-453F-9990-77CB82096409}
		{3A58B9D3-97BC-4EF0-8A57-9C2E21226484} = {AB047387-59EA-4061-9361-96E31631DBCC}
	EndGlobalSection
EndGlobal
